
Microsoft Visual Studio Solution File, Format Version 12.00
# Visual Studio Version 17
VisualStudioVersion = 17.7.34024.191
MinimumVisualStudioVersion = 10.0.40219.1
Project("{FAE04EC0-301F-11D3-BF4B-00C04F79EFBC}") = "CSharpWPF_NP_Sockets_Task-3.Server", "CSharpWPF_NP_Sockets_Task-3.Server\CSharpWPF_NP_Sockets_Task-3.Server.csproj", "{496F56DC-E4FE-43DD-BE08-8679506E7B39}"
EndProject
Project("{FAE04EC0-301F-11D3-BF4B-00C04F79EFBC}") = "CSharpWPF_NP_Sockets_Task-3.Client", "CSharpWPF_NP_Sockets_Task-3.Client\CSharpWPF_NP_Sockets_Task-3.Client.csproj", "{200D46FB-FEE4-47BA-BAB1-1C91E1795BE7}"
EndProject
Project("{FAE04EC0-301F-11D3-BF4B-00C04F79EFBC}") = "SharedInfrastructureLibrary", "SharedInfrastructureLibrary\SharedInfrastructureLibrary.csproj", "{B0B07E25-0A46-44CE-B1E3-BCA9367F10B6}"
EndProject
Global
	GlobalSection(SolutionConfigurationPlatforms) = preSolution
		Debug|Any CPU = Debug|Any CPU
		Release|Any CPU = Release|Any CPU
	EndGlobalSection
	GlobalSection(ProjectConfigurationPlatforms) = postSolution
		{496F56DC-E4FE-43DD-BE08-8679506E7B39}.Debug|Any CPU.ActiveCfg = Debug|Any CPU
		{496F56DC-E4FE-43DD-BE08-8679506E7B39}.Debug|Any CPU.Build.0 = Debug|Any CPU
		{496F56DC-E4FE-43DD-BE08-8679506E7B39}.Release|Any CPU.ActiveCfg = Release|Any CPU
		{496F56DC-E4FE-43DD-BE08-8679506E7B39}.Release|Any CPU.Build.0 = Release|Any CPU
		{200D46FB-FEE4-47BA-BAB1-1C91E1795BE7}.Debug|Any CPU.ActiveCfg = Debug|Any CPU
		{200D46FB-FEE4-47BA-BAB1-1C91E1795BE7}.Debug|Any CPU.Build.0 = Debug|Any CPU
		{200D46FB-FEE4-47BA-BAB1-1C91E1795BE7}.Release|Any CPU.ActiveCfg = Release|Any CPU
		{200D46FB-FEE4-47BA-BAB1-1C91E1795BE7}.Release|Any CPU.Build.0 = Release|Any CPU
		{B0B07E25-0A46-44CE-B1E3-BCA9367F10B6}.Debug|Any CPU.ActiveCfg = Debug|Any CPU
		{B0B07E25-0A46-44CE-B1E3-BCA9367F10B6}.Debug|Any CPU.Build.0 = Debug|Any CPU
		{B0B07E25-0A46-44CE-B1E3-BCA9367F10B6}.Release|Any CPU.ActiveCfg = Release|Any CPU
		{B0B07E25-0A46-44CE-B1E3-BCA9367F10B6}.Release|Any CPU.Build.0 = Release|Any CPU
	EndGlobalSection
	GlobalSection(SolutionProperties) = preSolution
		HideSolutionNode = FALSE
	EndGlobalSection
	GlobalSection(ExtensibilityGlobals) = postSolution
		SolutionGuid = {984F09B6-1225-42C3-97E7-9DB33884FDF6}
	EndGlobalSection
EndGlobal
